// !$*UTF8*$!
{
	archiveVersion = 1;
	classes = {
	};
	objectVersion = 46;
	objects = {

/* Begin PBXBuildFile section */
		18925B471994D35D000BEEA0 /* AppDelegate.swift in Sources */ = {isa = PBXBuildFile; fileRef = 18925B461994D35D000BEEA0 /* AppDelegate.swift */; };
		18925B491994D35D000BEEA0 /* ViewController.swift in Sources */ = {isa = PBXBuildFile; fileRef = 18925B481994D35D000BEEA0 /* ViewController.swift */; };
		18925B4E1994D35D000BEEA0 /* Images.xcassets in Resources */ = {isa = PBXBuildFile; fileRef = 18925B4D1994D35D000BEEA0 /* Images.xcassets */; };
		18925B681994D410000BEEA0 /* Main.storyboard in Resources */ = {isa = PBXBuildFile; fileRef = 18925B671994D410000BEEA0 /* Main.storyboard */; };
		18925B6A1994D495000BEEA0 /* DetailViewController.swift in Sources */ = {isa = PBXBuildFile; fileRef = 18925B691994D495000BEEA0 /* DetailViewController.swift */; };
		18925B9E199711FE000BEEA0 /* ModalViewController.swift in Sources */ = {isa = PBXBuildFile; fileRef = 18925B9D199711FE000BEEA0 /* ModalViewController.swift */; };
/* End PBXBuildFile section */

/* Begin PBXContainerItemProxy section */
		18925B541994D35D000BEEA0 /* PBXContainerItemProxy */ = {
			isa = PBXContainerItemProxy;
			containerPortal = 18925B371994D30C000BEEA0 /* Project object */;
			proxyType = 1;
			remoteGlobalIDString = 18925B401994D35D000BEEA0;
			remoteInfo = TestTransition;
		};
		18925B611994D35E000BEEA0 /* PBXContainerItemProxy */ = {
			isa = PBXContainerItemProxy;
			containerPortal = 18925B371994D30C000BEEA0 /* Project object */;
			proxyType = 1;
			remoteGlobalIDString = 18925B401994D35D000BEEA0;
			remoteInfo = TestTransition;
		};
		18925B631994D35E000BEEA0 /* PBXContainerItemProxy */ = {
			isa = PBXContainerItemProxy;
			containerPortal = 18925B371994D30C000BEEA0 /* Project object */;
			proxyType = 1;
			remoteGlobalIDString = 18925B401994D35D000BEEA0;
			remoteInfo = TestTransition;
		};
		18925B651994D389000BEEA0 /* PBXContainerItemProxy */ = {
			isa = PBXContainerItemProxy;
			containerPortal = 18925B371994D30C000BEEA0 /* Project object */;
			proxyType = 1;
			remoteGlobalIDString = 18925B401994D35D000BEEA0;
			remoteInfo = TestTransition;
		};
/* End PBXContainerItemProxy section */

/* Begin PBXFileReference section */
		18925B411994D35D000BEEA0 /* TestTransition.app */ = {isa = PBXFileReference; explicitFileType = wrapper.application; includeInIndex = 0; path = TestTransition.app; sourceTree = BUILT_PRODUCTS_DIR; };
		18925B451994D35D000BEEA0 /* Info.plist */ = {isa = PBXFileReference; lastKnownFileType = text.plist.xml; path = Info.plist; sourceTree = "<group>"; };
		18925B461994D35D000BEEA0 /* AppDelegate.swift */ = {isa = PBXFileReference; lastKnownFileType = sourcecode.swift; path = AppDelegate.swift; sourceTree = "<group>"; };
		18925B481994D35D000BEEA0 /* ViewController.swift */ = {isa = PBXFileReference; lastKnownFileType = sourcecode.swift; path = ViewController.swift; sourceTree = "<group>"; };
		18925B4D1994D35D000BEEA0 /* Images.xcassets */ = {isa = PBXFileReference; lastKnownFileType = folder.assetcatalog; path = Images.xcassets; sourceTree = "<group>"; };
		18925B531994D35D000BEEA0 /* TestTransitionTests.xctest */ = {isa = PBXFileReference; explicitFileType = wrapper.cfbundle; includeInIndex = 0; path = TestTransitionTests.xctest; sourceTree = BUILT_PRODUCTS_DIR; };
		18925B671994D410000BEEA0 /* Main.storyboard */ = {isa = PBXFileReference; fileEncoding = 4; lastKnownFileType = file.storyboard; path = Main.storyboard; sourceTree = "<group>"; };
		18925B691994D495000BEEA0 /* DetailViewController.swift */ = {isa = PBXFileReference; fileEncoding = 4; lastKnownFileType = sourcecode.swift; path = DetailViewController.swift; sourceTree = "<group>"; };
		18925B9D199711FE000BEEA0 /* ModalViewController.swift */ = {isa = PBXFileReference; fileEncoding = 4; lastKnownFileType = sourcecode.swift; path = ModalViewController.swift; sourceTree = "<group>"; };
/* End PBXFileReference section */

/* Begin PBXFrameworksBuildPhase section */
		18925B3E1994D35D000BEEA0 /* Frameworks */ = {
			isa = PBXFrameworksBuildPhase;
			buildActionMask = 2147483647;
			files = (
			);
			runOnlyForDeploymentPostprocessing = 0;
		};
		18925B501994D35D000BEEA0 /* Frameworks */ = {
			isa = PBXFrameworksBuildPhase;
			buildActionMask = 2147483647;
			files = (
			);
			runOnlyForDeploymentPostprocessing = 0;
		};
/* End PBXFrameworksBuildPhase section */

/* Begin PBXGroup section */
		18925B361994D30C000BEEA0 = {
			isa = PBXGroup;
			children = (
				18925B431994D35D000BEEA0 /* TestTransition */,
				18925B421994D35D000BEEA0 /* Products */,
			);
			sourceTree = "<group>";
		};
		18925B421994D35D000BEEA0 /* Products */ = {
			isa = PBXGroup;
			children = (
				18925B411994D35D000BEEA0 /* TestTransition.app */,
				18925B531994D35D000BEEA0 /* TestTransitionTests.xctest */,
			);
			name = Products;
			sourceTree = "<group>";
		};
		18925B431994D35D000BEEA0 /* TestTransition */ = {
			isa = PBXGroup;
			children = (
				18925B461994D35D000BEEA0 /* AppDelegate.swift */,
				18925B481994D35D000BEEA0 /* ViewController.swift */,
				18925B691994D495000BEEA0 /* DetailViewController.swift */,
				18925B9D199711FE000BEEA0 /* ModalViewController.swift */,
				18925B4D1994D35D000BEEA0 /* Images.xcassets */,
				18925B671994D410000BEEA0 /* Main.storyboard */,
				18925B441994D35D000BEEA0 /* Supporting Files */,
			);
			path = TestTransition;
			sourceTree = "<group>";
		};
		18925B441994D35D000BEEA0 /* Supporting Files */ = {
			isa = PBXGroup;
			children = (
				18925B451994D35D000BEEA0 /* Info.plist */,
			);
			name = "Supporting Files";
			sourceTree = "<group>";
		};
/* End PBXGroup section */

/* Begin PBXNativeTarget section */
		18925B401994D35D000BEEA0 /* TestTransition */ = {
			isa = PBXNativeTarget;
			buildConfigurationList = 18925B5B1994D35D000BEEA0 /* Build configuration list for PBXNativeTarget "TestTransition" */;
			buildPhases = (
				18925B3D1994D35D000BEEA0 /* Sources */,
				18925B3E1994D35D000BEEA0 /* Frameworks */,
				18925B3F1994D35D000BEEA0 /* Resources */,
			);
			buildRules = (
			);
			dependencies = (
			);
			name = TestTransition;
			productName = TestTransition;
			productReference = 18925B411994D35D000BEEA0 /* TestTransition.app */;
			productType = "com.apple.product-type.application";
		};
		18925B521994D35D000BEEA0 /* TestTransitionTests */ = {
			isa = PBXNativeTarget;
			buildConfigurationList = 18925B5E1994D35D000BEEA0 /* Build configuration list for PBXNativeTarget "TestTransitionTests" */;
			buildPhases = (
				18925B4F1994D35D000BEEA0 /* Sources */,
				18925B501994D35D000BEEA0 /* Frameworks */,
				18925B511994D35D000BEEA0 /* Resources */,
			);
			buildRules = (
			);
			dependencies = (
				18925B551994D35D000BEEA0 /* PBXTargetDependency */,
				18925B621994D35E000BEEA0 /* PBXTargetDependency */,
				18925B641994D35E000BEEA0 /* PBXTargetDependency */,
				18925B661994D389000BEEA0 /* PBXTargetDependency */,
			);
			name = TestTransitionTests;
			productName = TestTransitionTests;
			productReference = 18925B531994D35D000BEEA0 /* TestTransitionTests.xctest */;
			productType = "com.apple.product-type.bundle.unit-test";
		};
/* End PBXNativeTarget section */

/* Begin PBXProject section */
		18925B371994D30C000BEEA0 /* Project object */ = {
			isa = PBXProject;
			attributes = {
				LastSwiftUpdateCheck = 0710;
				LastUpgradeCheck = 0710;
				TargetAttributes = {
					18925B401994D35D000BEEA0 = {
						CreatedOnToolsVersion = 6.0;
					};
					18925B521994D35D000BEEA0 = {
						CreatedOnToolsVersion = 6.0;
						TestTargetID = 18925B401994D35D000BEEA0;
					};
				};
			};
			buildConfigurationList = 18925B3A1994D30C000BEEA0 /* Build configuration list for PBXProject "TestTransition" */;
			compatibilityVersion = "Xcode 3.2";
			developmentRegion = English;
			hasScannedForEncodings = 0;
			knownRegions = (
				en,
				Base,
			);
			mainGroup = 18925B361994D30C000BEEA0;
			productRefGroup = 18925B421994D35D000BEEA0 /* Products */;
			projectDirPath = "";
			projectRoot = "";
			targets = (
				18925B401994D35D000BEEA0 /* TestTransition */,
				18925B521994D35D000BEEA0 /* TestTransitionTests */,
			);
		};
/* End PBXProject section */

/* Begin PBXResourcesBuildPhase section */
		18925B3F1994D35D000BEEA0 /* Resources */ = {
			isa = PBXResourcesBuildPhase;
			buildActionMask = 2147483647;
			files = (
				18925B4E1994D35D000BEEA0 /* Images.xcassets in Resources */,
				18925B681994D410000BEEA0 /* Main.storyboard in Resources */,
			);
			runOnlyForDeploymentPostprocessing = 0;
		};
		18925B511994D35D000BEEA0 /* Resources */ = {
			isa = PBXResourcesBuildPhase;
			buildActionMask = 2147483647;
			files = (
			);
			runOnlyForDeploymentPostprocessing = 0;
		};
/* End PBXResourcesBuildPhase section */

/* Begin PBXSourcesBuildPhase section */
		18925B3D1994D35D000BEEA0 /* Sources */ = {
			isa = PBXSourcesBuildPhase;
			buildActionMask = 2147483647;
			files = (
				18925B9E199711FE000BEEA0 /* ModalViewController.swift in Sources */,
				18925B6A1994D495000BEEA0 /* DetailViewController.swift in Sources */,
				18925B491994D35D000BEEA0 /* ViewController.swift in Sources */,
				18925B471994D35D000BEEA0 /* AppDelegate.swift in Sources */,
			);
			runOnlyForDeploymentPostprocessing = 0;
		};
		18925B4F1994D35D000BEEA0 /* Sources */ = {
			isa = PBXSourcesBuildPhase;
			buildActionMask = 2147483647;
			files = (
			);
			runOnlyForDeploymentPostprocessing = 0;
		};
/* End PBXSourcesBuildPhase section */

/* Begin PBXTargetDependency section */
		18925B551994D35D000BEEA0 /* PBXTargetDependency */ = {
			isa = PBXTargetDependency;
			target = 18925B401994D35D000BEEA0 /* TestTransition */;
			targetProxy = 18925B541994D35D000BEEA0 /* PBXContainerItemProxy */;
		};
		18925B621994D35E000BEEA0 /* PBXTargetDependency */ = {
			isa = PBXTargetDependency;
			target = 18925B401994D35D000BEEA0 /* TestTransition */;
			targetProxy = 18925B611994D35E000BEEA0 /* PBXContainerItemProxy */;
		};
		18925B641994D35E000BEEA0 /* PBXTargetDependency */ = {
			isa = PBXTargetDependency;
			target = 18925B401994D35D000BEEA0 /* TestTransition */;
			targetProxy = 18925B631994D35E000BEEA0 /* PBXContainerItemProxy */;
		};
		18925B661994D389000BEEA0 /* PBXTargetDependency */ = {
			isa = PBXTargetDependency;
			target = 18925B401994D35D000BEEA0 /* TestTransition */;
			targetProxy = 18925B651994D389000BEEA0 /* PBXContainerItemProxy */;
		};
/* End PBXTargetDependency section */

/* Begin XCBuildConfiguration section */
		18925B3B1994D30C000BEEA0 /* Debug */ = {
			isa = XCBuildConfiguration;
			buildSettings = {
				ENABLE_TESTABILITY = YES;
				IPHONEOS_DEPLOYMENT_TARGET = 8.0;
				ONLY_ACTIVE_ARCH = YES;
				SDKROOT = iphoneos;
			};
			name = Debug;
		};
		18925B3C1994D30C000BEEA0 /* Release */ = {
			isa = XCBuildConfiguration;
			buildSettings = {
				IPHONEOS_DEPLOYMENT_TARGET = 8.0;
				SDKROOT = iphoneos;
			};
			name = Release;
		};
		18925B5C1994D35D000BEEA0 /* Debug */ = {
			isa = XCBuildConfiguration;
			buildSettings = {
				ALWAYS_SEARCH_USER_PATHS = NO;
				ASSETCATALOG_COMPILER_APPICON_NAME = AppIcon;
				ASSETCATALOG_COMPILER_LAUNCHIMAGE_NAME = LaunchImage;
				CLANG_CXX_LANGUAGE_STANDARD = "gnu++0x";
				CLANG_CXX_LIBRARY = "libc++";
				CLANG_ENABLE_MODULES = YES;
				CLANG_ENABLE_OBJC_ARC = YES;
				CLANG_WARN_BOOL_CONVERSION = YES;
				CLANG_WARN_CONSTANT_CONVERSION = YES;
				CLANG_WARN_DIRECT_OBJC_ISA_USAGE = YES_ERROR;
				CLANG_WARN_EMPTY_BODY = YES;
				CLANG_WARN_ENUM_CONVERSION = YES;
				CLANG_WARN_INT_CONVERSION = YES;
				CLANG_WARN_OBJC_ROOT_CLASS = YES_ERROR;
				CLANG_WARN_UNREACHABLE_CODE = YES;
				CLANG_WARN__DUPLICATE_METHOD_MATCH = YES;
				CODE_SIGN_IDENTITY = "iPhone Developer";
				"CODE_SIGN_IDENTITY[sdk=iphoneos*]" = "iPhone Developer";
				COPY_PHASE_STRIP = NO;
				ENABLE_STRICT_OBJC_MSGSEND = YES;
				GCC_C_LANGUAGE_STANDARD = gnu99;
				GCC_DYNAMIC_NO_PIC = NO;
				GCC_OPTIMIZATION_LEVEL = 0;
				GCC_PREPROCESSOR_DEFINITIONS = (
					"DEBUG=1",
					"$(inherited)",
				);
				GCC_SYMBOLS_PRIVATE_EXTERN = NO;
				GCC_WARN_64_TO_32_BIT_CONVERSION = YES;
				GCC_WARN_ABOUT_RETURN_TYPE = YES_ERROR;
				GCC_WARN_UNDECLARED_SELECTOR = YES;
				GCC_WARN_UNINITIALIZED_AUTOS = YES_AGGRESSIVE;
				GCC_WARN_UNUSED_FUNCTION = YES;
				GCC_WARN_UNUSED_VARIABLE = YES;
				INFOPLIST_FILE = TestTransition/Info.plist;
				IPHONEOS_DEPLOYMENT_TARGET = 7.1;
				LD_RUNPATH_SEARCH_PATHS = "$(inherited) @executable_path/Frameworks";
				MTL_ENABLE_DEBUG_INFO = YES;
				ONLY_ACTIVE_ARCH = YES;
				PRODUCT_BUNDLE_IDENTIFIER = "zhangao.${PRODUCT_NAME:rfc1034identifier}";
				PRODUCT_NAME = "$(TARGET_NAME)";
				SDKROOT = iphoneos;
				SWIFT_OPTIMIZATION_LEVEL = "-Onone";
				TARGETED_DEVICE_FAMILY = 1;
			};
			name = Debug;
		};
		18925B5D1994D35D000BEEA0 /* Release */ = {
			isa = XCBuildConfiguration;
			buildSettings = {
				ALWAYS_SEARCH_USER_PATHS = NO;
				ASSETCATALOG_COMPILER_APPICON_NAME = AppIcon;
				ASSETCATALOG_COMPILER_LAUNCHIMAGE_NAME = LaunchImage;
				CLANG_CXX_LANGUAGE_STANDARD = "gnu++0x";
				CLANG_CXX_LIBRARY = "libc++";
				CLANG_ENABLE_MODULES = YES;
				CLANG_ENABLE_OBJC_ARC = YES;
				CLANG_WARN_BOOL_CONVERSION = YES;
				CLANG_WARN_CONSTANT_CONVERSION = YES;
				CLANG_WARN_DIRECT_OBJC_ISA_USAGE = YES_ERROR;
				CLANG_WARN_EMPTY_BODY = YES;
				CLANG_WARN_ENUM_CONVERSION = YES;
				CLANG_WARN_INT_CONVERSION = YES;
				CLANG_WARN_OBJC_ROOT_CLASS = YES_ERROR;
				CLANG_WARN_UNREACHABLE_CODE = YES;
				CLANG_WARN__DUPLICATE_METHOD_MATCH = YES;
				CODE_SIGN_IDENTITY = "iPhone Developer";
				"CODE_SIGN_IDENTITY[sdk=iphoneos*]" = "iPhone Developer";
				COPY_PHASE_STRIP = YES;
				ENABLE_NS_ASSERTIONS = NO;
				ENABLE_STRICT_OBJC_MSGSEND = YES;
				GCC_C_LANGUAGE_STANDARD = gnu99;
				GCC_WARN_64_TO_32_BIT_CONVERSION = YES;
				GCC_WARN_ABOUT_RETURN_TYPE = YES_ERROR;
				GCC_WARN_UNDECLARED_SELECTOR = YES;
				GCC_WARN_UNINITIALIZED_AUTOS = YES_AGGRESSIVE;
				GCC_WARN_UNUSED_FUNCTION = YES;
				GCC_WARN_UNUSED_VARIABLE = YES;
				INFOPLIST_FILE = TestTransition/Info.plist;
				IPHONEOS_DEPLOYMENT_TARGET = 7.1;
				LD_RUNPATH_SEARCH_PATHS = "$(inherited) @executable_path/Frameworks";
				MTL_ENABLE_DEBUG_INFO = NO;
				PRODUCT_BUNDLE_IDENTIFIER = "zhangao.${PRODUCT_NAME:rfc1034identifier}";
				PRODUCT_NAME = "$(TARGET_NAME)";
				SDKROOT = iphoneos;
				TARGETED_DEVICE_FAMILY = 1;
				VALIDATE_PRODUCT = YES;
			};
			name = Release;
		};
		18925B5F1994D35D000BEEA0 /* Debug */ = {
			isa = XCBuildConfiguration;
			buildSettings = {
				ALWAYS_SEARCH_USER_PATHS = NO;
				BUNDLE_LOADER = "$(BUILT_PRODUCTS_DIR)/TestTransition.app/TestTransition";
				CLANG_CXX_LANGUAGE_STANDARD = "gnu++0x";
				CLANG_CXX_LIBRARY = "libc++";
				CLANG_ENABLE_MODULES = YES;
				CLANG_ENABLE_OBJC_ARC = YES;
				CLANG_WARN_BOOL_CONVERSION = YES;
				CLANG_WARN_CONSTANT_CONVERSION = YES;
				CLANG_WARN_DIRECT_OBJC_ISA_USAGE = YES_ERROR;
				CLANG_WARN_EMPTY_BODY = YES;
				CLANG_WARN_ENUM_CONVERSION = YES;
				CLANG_WARN_INT_CONVERSION = YES;
				CLANG_WARN_OBJC_ROOT_CLASS = YES_ERROR;
				CLANG_WARN_UNREACHABLE_CODE = YES;
				CLANG_WARN__DUPLICATE_METHOD_MATCH = YES;
				COPY_PHASE_STRIP = NO;
				ENABLE_STRICT_OBJC_MSGSEND = YES;
				FRAMEWORK_SEARCH_PATHS = (
					"$(SDKROOT)/Developer/Library/Frameworks",
					"$(inherited)",
				);
				GCC_C_LANGUAGE_STANDARD = gnu99;
				GCC_DYNAMIC_NO_PIC = NO;
				GCC_OPTIMIZATION_LEVEL = 0;
				GCC_PREPROCESSOR_DEFINITIONS = (
					"DEBUG=1",
					"$(inherited)",
				);
				GCC_SYMBOLS_PRIVATE_EXTERN = NO;
				GCC_WARN_64_TO_32_BIT_CONVERSION = YES;
				GCC_WARN_ABOUT_RETURN_TYPE = YES_ERROR;
				GCC_WARN_UNDECLARED_SELECTOR = YES;
				GCC_WARN_UNINITIALIZED_AUTOS = YES_AGGRESSIVE;
				GCC_WARN_UNUSED_FUNCTION = YES;
				GCC_WARN_UNUSED_VARIABLE = YES;
				INFOPLIST_FILE = TestTransitionTests/Info.plist;
				IPHONEOS_DEPLOYMENT_TARGET = 8.0;
				LD_RUNPATH_SEARCH_PATHS = "$(inherited) @executable_path/Frameworks @loader_path/Frameworks";
				MTL_ENABLE_DEBUG_INFO = YES;
				ONLY_ACTIVE_ARCH = YES;
				PRODUCT_NAME = "$(TARGET_NAME)";
				SDKROOT = iphoneos;
				TEST_HOST = "$(BUNDLE_LOADER)";
			};
			name = Debug;
		};
		18925B601994D35D000BEEA0 /* Release */ = {
			isa = XCBuildConfiguration;
			buildSettings = {
				ALWAYS_SEARCH_USER_PATHS = NO;
				BUNDLE_LOADER = "$(BUILT_PRODUCTS_DIR)/TestTransition.app/TestTransition";
				CLANG_CXX_LANGUAGE_STANDARD = "gnu++0x";
				CLANG_CXX_LIBRARY = "libc++";
				CLANG_ENABLE_MODULES = YES;
				CLANG_ENABLE_OBJC_ARC = YES;
				CLANG_WARN_BOOL_CONVERSION = YES;
				CLANG_WARN_CONSTANT_CONVERSION = YES;
				CLANG_WARN_DIRECT_OBJC_ISA_USAGE = YES_ERROR;
				CLANG_WARN_EMPTY_BODY = YES;
				CLANG_WARN_ENUM_CONVERSION = YES;
				CLANG_WARN_INT_CONVERSION = YES;
				CLANG_WARN_OBJC_ROOT_CLASS = YES_ERROR;
				CLANG_WARN_UNREACHABLE_CODE = YES;
				CLANG_WARN__DUPLICATE_METHOD_MATCH = YES;
				COPY_PHASE_STRIP = YES;
				ENABLE_NS_ASSERTIONS = NO;
				ENABLE_STRICT_OBJC_MSGSEND = YES;
				FRAMEWORK_SEARCH_PATHS = (
					"$(SDKROOT)/Developer/Library/Frameworks",
					"$(inherited)",
				);
				GCC_C_LANGUAGE_STANDARD = gnu99;
				GCC_WARN_64_TO_32_BIT_CONVERSION = YES;
				GCC_WARN_ABOUT_RETURN_TYPE = YES_ERROR;
				GCC_WARN_UNDECLARED_SELECTOR = YES;
				GCC_WARN_UNINITIALIZED_AUTOS = YES_AGGRESSIVE;
				GCC_WARN_UNUSED_FUNCTION = YES;
				GCC_WARN_UNUSED_VARIABLE = YES;
				INFOPLIST_FILE = TestTransitionTests/Info.plist;
				IPHONEOS_DEPLOYMENT_TARGET = 8.0;
				LD_RUNPATH_SEARCH_PATHS = "$(inherited) @executable_path/Frameworks @loader_path/Frameworks";
				MTL_ENABLE_DEBUG_INFO = NO;
				PRODUCT_NAME = "$(TARGET_NAME)";
				SDKROOT = iphoneos;
				TEST_HOST = "$(BUNDLE_LOADER)";
				VALIDATE_PRODUCT = YES;
			};
			name = Release;
		};
/* End XCBuildConfiguration section */

/* Begin XCConfigurationList section */
		18925B3A1994D30C000BEEA0 /* Build configuration list for PBXProject "TestTransition" */ = {
			isa = XCConfigurationList;
			buildConfigurations = (
				18925B3B1994D30C000BEEA0 /* Debug */,
				18925B3C1994D30C000BEEA0 /* Release */,
			);
			defaultConfigurationIsVisible = 0;
			defaultConfigurationName = Release;
		};
		18925B5B1994D35D000BEEA0 /* Build configuration list for PBXNativeTarget "TestTransition" */ = {
			isa = XCConfigurationList;
			buildConfigurations = (
				18925B5C1994D35D000BEEA0 /* Debug */,
				18925B5D1994D35D000BEEA0 /* Release */,
			);
			defaultConfigurationIsVisible = 0;
			defaultConfigurationName = Release;
		};
		18925B5E1994D35D000BEEA0 /* Build configuration list for PBXNativeTarget "TestTransitionTests" */ = {
			isa = XCConfigurationList;
			buildConfigurations = (
				18925B5F1994D35D000BEEA0 /* Debug */,
				18925B601994D35D000BEEA0 /* Release */,
			);
			defaultConfigurationIsVisible = 0;
			defaultConfigurationName = Release;
		};
/* End XCConfigurationList section */
	};
	rootObject = 18925B371994D30C000BEEA0 /* Project object */;
}
